
Microsoft Visual Studio Solution File, Format Version 12.00
# Visual Studio Version 16
VisualStudioVersion = 16.0.30804.86
MinimumVisualStudioVersion = 10.0.40219.1
Project("{9A19103F-16F7-4668-BE54-9A1E7A4F7556}") = "CsvImporter", "CsvImporter\CsvImporter.csproj", "{44B856C5-6B69-4242-88EC-BCD9DDE4B4A8}"
EndProject
Project("{9A19103F-16F7-4668-BE54-9A1E7A4F7556}") = "CsvImporter.Data", "CsvImporter.Data\CsvImporter.Data.csproj", "{5D09A5F8-2CC9-4340-9E72-C9427500C65F}"
EndProject
Project("{9A19103F-16F7-4668-BE54-9A1E7A4F7556}") = "CsvImporter.Domain", "CsvImporter.Domain\CsvImporter.Domain.csproj", "{2344EEF7-E4FC-4140-B162-78DF9ED374BA}"
EndProject
Project("{9A19103F-16F7-4668-BE54-9A1E7A4F7556}") = "CsvImporterTests", "CsvImporterTests\CsvImporterTests.csproj", "{CEF5139D-0EF2-444C-A1BB-4931D3DABCB5}"
EndProject
Project("{2150E333-8FDC-42A3-9474-1A3956D46DE8}") = "Solution Items", "Solution Items", "{974221B0-A122-4550-8034-52D6BB968BA2}"
	ProjectSection(SolutionItems) = preProject
		README.md = README.md
	EndProjectSection
EndProject
Global
	GlobalSection(SolutionConfigurationPlatforms) = preSolution
		Debug|Any CPU = Debug|Any CPU
		Release|Any CPU = Release|Any CPU
	EndGlobalSection
	GlobalSection(ProjectConfigurationPlatforms) = postSolution
		{44B856C5-6B69-4242-88EC-BCD9DDE4B4A8}.Debug|Any CPU.ActiveCfg = Debug|Any CPU
		{44B856C5-6B69-4242-88EC-BCD9DDE4B4A8}.Debug|Any CPU.Build.0 = Debug|Any CPU
		{44B856C5-6B69-4242-88EC-BCD9DDE4B4A8}.Release|Any CPU.ActiveCfg = Release|Any CPU
		{44B856C5-6B69-4242-88EC-BCD9DDE4B4A8}.Release|Any CPU.Build.0 = Release|Any CPU
		{5D09A5F8-2CC9-4340-9E72-C9427500C65F}.Debug|Any CPU.ActiveCfg = Debug|Any CPU
		{5D09A5F8-2CC9-4340-9E72-C9427500C65F}.Debug|Any CPU.Build.0 = Debug|Any CPU
		{5D09A5F8-2CC9-4340-9E72-C9427500C65F}.Release|Any CPU.ActiveCfg = Release|Any CPU
		{5D09A5F8-2CC9-4340-9E72-C9427500C65F}.Release|Any CPU.Build.0 = Release|Any CPU
		{2344EEF7-E4FC-4140-B162-78DF9ED374BA}.Debug|Any CPU.ActiveCfg = Debug|Any CPU
		{2344EEF7-E4FC-4140-B162-78DF9ED374BA}.Debug|Any CPU.Build.0 = Debug|Any CPU
		{2344EEF7-E4FC-4140-B162-78DF9ED374BA}.Release|Any CPU.ActiveCfg = Release|Any CPU
		{2344EEF7-E4FC-4140-B162-78DF9ED374BA}.Release|Any CPU.Build.0 = Release|Any CPU
		{CEF5139D-0EF2-444C-A1BB-4931D3DABCB5}.Debug|Any CPU.ActiveCfg = Debug|Any CPU
		{CEF5139D-0EF2-444C-A1BB-4931D3DABCB5}.Debug|Any CPU.Build.0 = Debug|Any CPU
		{CEF5139D-0EF2-444C-A1BB-4931D3DABCB5}.Release|Any CPU.ActiveCfg = Release|Any CPU
		{CEF5139D-0EF2-444C-A1BB-4931D3DABCB5}.Release|Any CPU.Build.0 = Release|Any CPU
	EndGlobalSection
	GlobalSection(SolutionProperties) = preSolution
		HideSolutionNode = FALSE
	EndGlobalSection
	GlobalSection(ExtensibilityGlobals) = postSolution
		SolutionGuid = {C69D87A3-C385-4365-9D7E-F6B69FEDCFB2}
	EndGlobalSection
EndGlobal
